
Microsoft Visual Studio Solution File, Format Version 12.00
# Visual Studio Version 16
VisualStudioVersion = 16.0.30011.22
MinimumVisualStudioVersion = 10.0.40219.1
Project("{FAE04EC0-301F-11D3-BF4B-00C04F79EFBC}") = "KolokwiumNr1", "KolokwiumNr1.csproj", "{DF99B4E3-CFFB-4B8E-A987-EB774B0F5A11}"
EndProject
Global
	GlobalSection(SolutionConfigurationPlatforms) = preSolution
		Debug|Any CPU = Debug|Any CPU
		Release|Any CPU = Release|Any CPU
	EndGlobalSection
	GlobalSection(ProjectConfigurationPlatforms) = postSolution
		{DF99B4E3-CFFB-4B8E-A987-EB774B0F5A11}.Debug|Any CPU.ActiveCfg = Debug|Any CPU
		{DF99B4E3-CFFB-4B8E-A987-EB774B0F5A11}.Debug|Any CPU.Build.0 = Debug|Any CPU
		{DF99B4E3-CFFB-4B8E-A987-EB774B0F5A11}.Release|Any CPU.ActiveCfg = Release|Any CPU
		{DF99B4E3-CFFB-4B8E-A987-EB774B0F5A11}.Release|Any CPU.Build.0 = Release|Any CPU
	EndGlobalSection
	GlobalSection(SolutionProperties) = preSolution
		HideSolutionNode = FALSE
	EndGlobalSection
	GlobalSection(ExtensibilityGlobals) = postSolution
		SolutionGuid = {4E74E710-7C40-4DF4-97E9-4880239EF53D}
	EndGlobalSection
EndGlobal
